<?xml version="1.0" encoding="utf-8"?>
<Project ToolsVersion="4.0" xmlns="http://schemas.microsoft.com/developer/msbuild/2003">
  <ItemGroup>
    <Filter Include="Source Files">
      <UniqueIdentifier>{4FC737F1-C7A5-4376-A066-2A32D752A2FF}</UniqueIdentifier>
      <Extensions>cpp;c;cc;cxx;def;odl;idl;hpj;bat;asm;asmx</Extensions>
    </Filter>
    <Filter Include="Header Files">
      <UniqueIdentifier>{93995380-89BD-4b04-88EB-625FBE52EBFB}</UniqueIdentifier>
      <Extensions>h;hh;hpp;hxx;hm;inl;inc;xsd</Extensions>
    </Filter>
    <Filter Include="Resource Files">
      <UniqueIdentifier>{67DA6AB6-F800-4c08-8B7A-83BB121AAD01}</UniqueIdentifier>
      <Extensions>rc;ico;cur;bmp;dlg;rc2;rct;bin;rgs;gif;jpg;jpeg;jpe;resx;tiff;tif;png;wav;mfcribbon-ms</Extensions>
    </Filter>
    <Filter Include="Shader Files">
      <UniqueIdentifier>{be1b6a81-8ad0-420f-89d8-d88640028df4}</UniqueIdentifier>
    </Filter>
  </ItemGroup>
  <ItemGroup>
    <Text Include="ReadMe.txt" />
  </ItemGroup>
  <ItemGroup>
    <ClInclude Include="stdafx.h">
      <Filter>Header Files</Filter>
    </ClInclude>
    <ClInclude Include="targetver.h">
      <Filter>Header Files</Filter>
    </ClInclude>
    <ClInclude Include="ddraw_interface.h">
      <Filter>Header Files</Filter>
    </ClInclude>
    <ClInclude Include="EDirectDraw.h">
      <Filter>Header Files</Filter>
    </ClInclude>
    <ClInclude Include="D3DHost.h">
      <Filter>Header Files</Filter>
    </ClInclude>
    <ClInclude Include="Graphics.h">
      <Filter>Header Files</Filter>
    </ClInclude>
    <ClInclude Include="D2DHost.h">
      <Filter>Header Files</Filter>
    </ClInclude>
    <ClInclude Include="shared_com.hpp">
      <Filter>Header Files</Filter>
    </ClInclude>
    <ClInclude Include="ESurface.h">
      <Filter>Header Files</Filter>
    </ClInclude>
    <ClInclude Include="EClipper.h">
      <Filter>Header Files</Filter>
    </ClInclude>
    <ClInclude Include="COMRefCounter.hpp">
      <Filter>Header Files</Filter>
    </ClInclude>
    <ClInclude Include="ddraw_iid_list.h">
      <Filter>Header Files</Filter>
    </ClInclude>
    <ClInclude Include="EPrimarySurface.h">
      <Filter>Header Files</Filter>
    </ClInclude>
    <ClInclude Include="BMPFace.hpp">
      <Filter>Header Files</Filter>
    </ClInclude>
    <ClInclude Include="unordered_vector.hpp">
      <Filter>Header Files</Filter>
    </ClInclude>
    <ClInclude Include="RectMerger.h">
      <Filter>Header Files</Filter>
    </ClInclude>
    <ClInclude Include="ECPUSurface.h">
      <Filter>Header Files</Filter>
    </ClInclude>
    <ClInclude Include="EGammaControl.h">
      <Filter>Header Files</Filter>
    </ClInclude>
    <ClInclude Include="FBSurface.h">
      <Filter>Header Files</Filter>
    </ClInclude>
    <ClInclude Include="Recorder.h">
      <Filter>Header Files</Filter>
    </ClInclude>
    <ClInclude Include="cyclic_buf.hpp">
      <Filter>Header Files</Filter>
    </ClInclude>
    <ClInclude Include="SurfaceProcessor.h">
      <Filter>Header Files</Filter>
    </ClInclude>
  </ItemGroup>
  <ItemGroup>
    <ClCompile Include="stdafx.cpp">
      <Filter>Source Files</Filter>
    </ClCompile>
    <ClCompile Include="ddraw.cpp">
      <Filter>Source Files</Filter>
    </ClCompile>
    <ClCompile Include="dllmain.cpp">
      <Filter>Source Files</Filter>
    </ClCompile>
    <ClCompile Include="EDirectDraw.cpp">
      <Filter>Source Files</Filter>
    </ClCompile>
    <ClCompile Include="D3DHost.cpp">
      <Filter>Source Files</Filter>
    </ClCompile>
    <ClCompile Include="Graphics.cpp">
      <Filter>Source Files</Filter>
    </ClCompile>
    <ClCompile Include="D2DHost.cpp">
      <Filter>Source Files</Filter>
    </ClCompile>
    <ClCompile Include="ESurface.cpp">
      <Filter>Source Files</Filter>
    </ClCompile>
    <ClCompile Include="EClipper.cpp">
      <Filter>Source Files</Filter>
    </ClCompile>
    <ClCompile Include="EPrimarySurface.cpp">
      <Filter>Source Files</Filter>
    </ClCompile>
    <ClCompile Include="D3DShaders.cpp">
      <Filter>Source Files</Filter>
    </ClCompile>
    <ClCompile Include="RectMerger.cpp">
      <Filter>Source Files</Filter>
    </ClCompile>
    <ClCompile Include="ECPUSurface.cpp">
      <Filter>Source Files</Filter>
    </ClCompile>
    <ClCompile Include="EGammaControl.cpp">
      <Filter>Source Files</Filter>
    </ClCompile>
    <ClCompile Include="FBSurface.cpp">
      <Filter>Source Files</Filter>
    </ClCompile>
    <ClCompile Include="Recorder.cpp">
      <Filter>Source Files</Filter>
    </ClCompile>
    <ClCompile Include="SurfaceProcessor.cpp">
      <Filter>Source Files</Filter>
    </ClCompile>
  </ItemGroup>
  <ItemGroup>
    <FxCompile Include="vs_square.hlsl">
      <Filter>Shader Files</Filter>
    </FxCompile>
    <FxCompile Include="ps_16bit.hlsl">
      <Filter>Shader Files</Filter>
    </FxCompile>
    <FxCompile Include="cs_blit.hlsl">
      <Filter>Shader Files</Filter>
    </FxCompile>
    <FxCompile Include="cs_fill.hlsl">
      <Filter>Shader Files</Filter>
    </FxCompile>
    <FxCompile Include="cs_mirror.hlsl">
      <Filter>Shader Files</Filter>
    </FxCompile>
    <FxCompile Include="ps_16bit_downscale.hlsl">
      <Filter>Shader Files</Filter>
    </FxCompile>
    <FxCompile Include="vs_debugmon.hlsl">
      <Filter>Shader Files</Filter>
    </FxCompile>
    <FxCompile Include="ps_debugmon.hlsl">
      <Filter>Shader Files</Filter>
    </FxCompile>
  </ItemGroup>
  <ItemGroup>
    <None Include="..\appveyor.yml" />
  </ItemGroup>
</Project>